<?xml version="1.0" encoding="utf-8"?>
<Project ToolsVersion="4.0" xmlns="http://schemas.microsoft.com/developer/msbuild/2003">
  <ItemGroup>
    <Filter Include="Source Files">
      <UniqueIdentifier>{4FC737F1-C7A5-4376-A066-2A32D752A2FF}</UniqueIdentifier>
      <Extensions>cpp;cxx;c;def</Extensions>
    </Filter>
    <Filter Include="Header Files">
      <UniqueIdentifier>{93995380-89BD-4b04-88EB-625FBE52EBFB}</UniqueIdentifier>
      <Extensions>h</Extensions>
    </Filter>
    <Filter Include="Form Files">
      <UniqueIdentifier>{99349809-55BA-4b9d-BF79-8FDBB0286EB3}</UniqueIdentifier>
      <Extensions>ui</Extensions>
    </Filter>
    <Filter Include="Resource Files">
      <UniqueIdentifier>{D9D6E242-F8AF-46E4-B9FD-80ECBC20BA3E}</UniqueIdentifier>
      <Extensions>qrc;*</Extensions>
      <ParseFiles>false</ParseFiles>
    </Filter>
    <Filter Include="Generated Files">
      <UniqueIdentifier>{71ED8ED8-ACB9-4CE9-BBE1-E00B30144E11}</UniqueIdentifier>
      <Extensions>moc;h;cpp</Extensions>
      <SourceControlFiles>False</SourceControlFiles>
    </Filter>
    <Filter Include="Generated Files\Debug">
      <UniqueIdentifier>{494f00c1-8a44-4e9c-a478-245d17c74f26}</UniqueIdentifier>
      <Extensions>cpp;moc</Extensions>
      <SourceControlFiles>False</SourceControlFiles>
    </Filter>
    <Filter Include="Generated Files\Release">
      <UniqueIdentifier>{4ac11456-551b-412a-8043-04c8f97d084a}</UniqueIdentifier>
      <Extensions>cpp;moc</Extensions>
      <SourceControlFiles>False</SourceControlFiles>
    </Filter>
  </ItemGroup>
  <ItemGroup>
    <ClCompile Include="main.cpp">
      <Filter>Source Files</Filter>
    </ClCompile>
    <ClCompile Include="kompositor.cpp">
      <Filter>Source Files</Filter>
    </ClCompile>
    <ClCompile Include="GeneratedFiles\Debug\moc_kompositor.cpp">
      <Filter>Generated Files\Debug</Filter>
    </ClCompile>
    <ClCompile Include="GeneratedFiles\qrc_kompositor.cpp">
      <Filter>Generated Files</Filter>
    </ClCompile>
    <ClCompile Include="Notblad.cpp">
      <Filter>Source Files</Filter>
    </ClCompile>
    <ClCompile Include="Not.cpp">
      <Filter>Source Files</Filter>
    </ClCompile>
    <ClCompile Include="Synthesizer.cpp">
      <Filter>Source Files</Filter>
    </ClCompile>
    <ClCompile Include="Fjardedelsnot.cpp">
      <Filter>Source Files</Filter>
    </ClCompile>
    <ClCompile Include="Halvnot.cpp">
      <Filter>Source Files</Filter>
    </ClCompile>
    <ClCompile Include="Attondelsnot.cpp">
      <Filter>Source Files</Filter>
    </ClCompile>
  </ItemGroup>
  <ItemGroup>
    <CustomBuild Include="kompositor.h">
      <Filter>Header Files</Filter>
    </CustomBuild>
    <CustomBuild Include="kompositor.ui">
      <Filter>Form Files</Filter>
    </CustomBuild>
    <CustomBuild Include="kompositor.qrc">
      <Filter>Resource Files</Filter>
    </CustomBuild>
  </ItemGroup>
  <ItemGroup>
    <ClInclude Include="GeneratedFiles\ui_kompositor.h">
      <Filter>Generated Files</Filter>
    </ClInclude>
    <ClInclude Include="Notblad.h">
      <Filter>Header Files</Filter>
    </ClInclude>
    <ClInclude Include="Not.h">
      <Filter>Header Files</Filter>
    </ClInclude>
    <ClInclude Include="Synthesizer.h">
      <Filter>Header Files</Filter>
    </ClInclude>
    <ClInclude Include="Fjardedelsnot.h">
      <Filter>Header Files</Filter>
    </ClInclude>
    <ClInclude Include="Halvnot.h">
      <Filter>Header Files</Filter>
    </ClInclude>
    <ClInclude Include="Attondelsnot.h">
      <Filter>Header Files</Filter>
    </ClInclude>
  </ItemGroup>
  <ItemGroup>
    <Image Include="Resources\eight.png">
      <Filter>Resource Files</Filter>
    </Image>
    <Image Include="Resources\eightc.png">
      <Filter>Resource Files</Filter>
    </Image>
    <Image Include="Resources\eightrest.png">
      <Filter>Resource Files</Filter>
    </Image>
    <Image Include="Resources\half.png">
      <Filter>Resource Files</Filter>
    </Image>
    <Image Include="Resources\halfc.png">
      <Filter>Resource Files</Filter>
    </Image>
    <Image Include="Resources\quarter.png">
      <Filter>Resource Files</Filter>
    </Image>
    <Image Include="Resources\quarterc.png">
      <Filter>Resource Files</Filter>
    </Image>
    <Image Include="Resources\quarterrest.png">
      <Filter>Resource Files</Filter>
    </Image>
  </ItemGroup>
</Project>